
Microsoft Visual Studio Solution File, Format Version 12.00
# Visual Studio Version 17
VisualStudioVersion = 17.3.32929.385
MinimumVisualStudioVersion = 10.0.40219.1
Project("{9A19103F-16F7-4668-BE54-9A1E7A4F7556}") = "Exercises", "Exercises\Exercises.csproj", "{E9E189AE-41F4-407B-AB2E-AF36BF06F04F}"
EndProject
Project("{FAE04EC0-301F-11D3-BF4B-00C04F79EFBC}") = "Exercise11SpecFlow", "Exercise11SpecFlow\Exercise11SpecFlow.csproj", "{96D70A0F-3948-4C6F-8068-B25EBE16B069}"
EndProject
Global
	GlobalSection(SolutionConfigurationPlatforms) = preSolution
		Debug|Any CPU = Debug|Any CPU
		Release|Any CPU = Release|Any CPU
	EndGlobalSection
	GlobalSection(ProjectConfigurationPlatforms) = postSolution
		{E9E189AE-41F4-407B-AB2E-AF36BF06F04F}.Debug|Any CPU.ActiveCfg = Debug|Any CPU
		{E9E189AE-41F4-407B-AB2E-AF36BF06F04F}.Debug|Any CPU.Build.0 = Debug|Any CPU
		{E9E189AE-41F4-407B-AB2E-AF36BF06F04F}.Release|Any CPU.ActiveCfg = Release|Any CPU
		{E9E189AE-41F4-407B-AB2E-AF36BF06F04F}.Release|Any CPU.Build.0 = Release|Any CPU
		{96D70A0F-3948-4C6F-8068-B25EBE16B069}.Debug|Any CPU.ActiveCfg = Debug|Any CPU
		{96D70A0F-3948-4C6F-8068-B25EBE16B069}.Debug|Any CPU.Build.0 = Debug|Any CPU
		{96D70A0F-3948-4C6F-8068-B25EBE16B069}.Release|Any CPU.ActiveCfg = Release|Any CPU
		{96D70A0F-3948-4C6F-8068-B25EBE16B069}.Release|Any CPU.Build.0 = Release|Any CPU
	EndGlobalSection
	GlobalSection(SolutionProperties) = preSolution
		HideSolutionNode = FALSE
	EndGlobalSection
	GlobalSection(ExtensibilityGlobals) = postSolution
		SolutionGuid = {80AA4DA3-6654-45D7-A4E9-55CA62B35F5E}
	EndGlobalSection
EndGlobal
